
Microsoft Visual Studio Solution File, Format Version 12.00
# Visual Studio Version 16
VisualStudioVersion = 16.0.31019.35
MinimumVisualStudioVersion = 10.0.40219.1
Project("{FAE04EC0-301F-11D3-BF4B-00C04F79EFBC}") = "TestSQL", "TestSQL\TestSQL.csproj", "{C9FFDA3F-1931-4F54-9B01-40B35FE7CAB8}"
EndProject
Global
	GlobalSection(SolutionConfigurationPlatforms) = preSolution
		Debug|Any CPU = Debug|Any CPU
		Release|Any CPU = Release|Any CPU
	EndGlobalSection
	GlobalSection(ProjectConfigurationPlatforms) = postSolution
		{C9FFDA3F-1931-4F54-9B01-40B35FE7CAB8}.Debug|Any CPU.ActiveCfg = Debug|Any CPU
		{C9FFDA3F-1931-4F54-9B01-40B35FE7CAB8}.Debug|Any CPU.Build.0 = Debug|Any CPU
		{C9FFDA3F-1931-4F54-9B01-40B35FE7CAB8}.Release|Any CPU.ActiveCfg = Release|Any CPU
		{C9FFDA3F-1931-4F54-9B01-40B35FE7CAB8}.Release|Any CPU.Build.0 = Release|Any CPU
	EndGlobalSection
	GlobalSection(SolutionProperties) = preSolution
		HideSolutionNode = FALSE
	EndGlobalSection
	GlobalSection(ExtensibilityGlobals) = postSolution
		SolutionGuid = {0BBC8ACC-555B-4DA8-BDCD-DBFA8D8148C7}
	EndGlobalSection
EndGlobal
